
Microsoft Visual Studio Solution File, Format Version 12.00
# Visual Studio 15
VisualStudioVersion = 15.0.27130.2027
MinimumVisualStudioVersion = 10.0.40219.1
Project("{FAE04EC0-301F-11D3-BF4B-00C04F79EFBC}") = "SpecFlow", "SpecFlow\SpecFlow.csproj", "{77EDE3F5-E63E-490A-8BF7-B48C70D0E439}"
EndProject
Global
	GlobalSection(SolutionConfigurationPlatforms) = preSolution
		Debug|Any CPU = Debug|Any CPU
		Release|Any CPU = Release|Any CPU
	EndGlobalSection
	GlobalSection(ProjectConfigurationPlatforms) = postSolution
		{77EDE3F5-E63E-490A-8BF7-B48C70D0E439}.Debug|Any CPU.ActiveCfg = Debug|Any CPU
		{77EDE3F5-E63E-490A-8BF7-B48C70D0E439}.Debug|Any CPU.Build.0 = Debug|Any CPU
		{77EDE3F5-E63E-490A-8BF7-B48C70D0E439}.Release|Any CPU.ActiveCfg = Release|Any CPU
		{77EDE3F5-E63E-490A-8BF7-B48C70D0E439}.Release|Any CPU.Build.0 = Release|Any CPU
	EndGlobalSection
	GlobalSection(SolutionProperties) = preSolution
		HideSolutionNode = FALSE
	EndGlobalSection
	GlobalSection(ExtensibilityGlobals) = postSolution
		SolutionGuid = {0632C717-6825-4A7E-849E-D13F25330356}
	EndGlobalSection
EndGlobal
